
Microsoft Visual Studio Solution File, Format Version 12.00
# Visual Studio 15
VisualStudioVersion = 15.0.27130.2010
MinimumVisualStudioVersion = 10.0.40219.1
Project("{8BC9CEB8-8B4A-11D0-8D11-00A0C91BC942}") = "ComputerArchitectureProject", "ComputerArchitectureProject\ComputerArchitectureProject.vcxproj", "{ABF4BDED-4EA2-4653-A736-F3474073EEA2}"
EndProject
Global
	GlobalSection(SolutionConfigurationPlatforms) = preSolution
		Debug|Win32 = Debug|Win32
		Debug|x64 = Debug|x64
		Release|Win32 = Release|Win32
		Release|x64 = Release|x64
	EndGlobalSection
	GlobalSection(ProjectConfigurationPlatforms) = postSolution
		{ABF4BDED-4EA2-4653-A736-F3474073EEA2}.Debug|Win32.ActiveCfg = Debug|Win32
		{ABF4BDED-4EA2-4653-A736-F3474073EEA2}.Debug|Win32.Build.0 = Debug|Win32
		{ABF4BDED-4EA2-4653-A736-F3474073EEA2}.Debug|x64.ActiveCfg = Debug|x64
		{ABF4BDED-4EA2-4653-A736-F3474073EEA2}.Debug|x64.Build.0 = Debug|x64
		{ABF4BDED-4EA2-4653-A736-F3474073EEA2}.Release|Win32.ActiveCfg = Release|Win32
		{ABF4BDED-4EA2-4653-A736-F3474073EEA2}.Release|Win32.Build.0 = Release|Win32
		{ABF4BDED-4EA2-4653-A736-F3474073EEA2}.Release|x64.ActiveCfg = Release|x64
		{ABF4BDED-4EA2-4653-A736-F3474073EEA2}.Release|x64.Build.0 = Release|x64
	EndGlobalSection
	GlobalSection(SolutionProperties) = preSolution
		HideSolutionNode = FALSE
	EndGlobalSection
	GlobalSection(ExtensibilityGlobals) = postSolution
		SolutionGuid = {1C5196B0-99A3-4812-90DE-1132E5FB6C8C}
	EndGlobalSection
EndGlobal
